
Microsoft Visual Studio Solution File, Format Version 12.00
# Visual Studio Version 18
VisualStudioVersion = 18.3.11408.92 d18.3
MinimumVisualStudioVersion = 10.0.40219.1
Project("{FAE04EC0-301F-11D3-BF4B-00C04F79EFBC}") = "DataAggergator.Presentation", "DataAggergator.Presentation\DataAggergator.Presentation.csproj", "{BD947F9E-1ADC-49B4-8ABA-084F4B2B3945}"
EndProject
Project("{FAE04EC0-301F-11D3-BF4B-00C04F79EFBC}") = "DataAggergator.Domain", "DataAggergator.Domain\DataAggergator.Domain.csproj", "{785D2435-1DB9-4E5E-96FF-18B70BA3A4A0}"
EndProject
Project("{FAE04EC0-301F-11D3-BF4B-00C04F79EFBC}") = "DataAggergator.Infrastructure", "DataAggergator.Infrastructure\DataAggergator.Infrastructure.csproj", "{1D9198C6-A7B8-4C36-88AA-C99C383DFEE9}"
EndProject
Project("{FAE04EC0-301F-11D3-BF4B-00C04F79EFBC}") = "DataAggergator.Application", "DataAggergator.Application\DataAggergator.Application.csproj", "{84DA7D2A-D81C-4ED2-96B6-D759E4BACE83}"
EndProject
Project("{E53339B2-1760-4266-BCC7-CA923CBCF16C}") = "docker-compose", "docker-compose.dcproj", "{81DDED9D-158B-E303-5F62-77A2896D2A5A}"
EndProject
Global
	GlobalSection(SolutionConfigurationPlatforms) = preSolution
		Debug|Any CPU = Debug|Any CPU
		Release|Any CPU = Release|Any CPU
	EndGlobalSection
	GlobalSection(ProjectConfigurationPlatforms) = postSolution
		{BD947F9E-1ADC-49B4-8ABA-084F4B2B3945}.Debug|Any CPU.ActiveCfg = Debug|Any CPU
		{BD947F9E-1ADC-49B4-8ABA-084F4B2B3945}.Debug|Any CPU.Build.0 = Debug|Any CPU
		{BD947F9E-1ADC-49B4-8ABA-084F4B2B3945}.Release|Any CPU.ActiveCfg = Release|Any CPU
		{BD947F9E-1ADC-49B4-8ABA-084F4B2B3945}.Release|Any CPU.Build.0 = Release|Any CPU
		{785D2435-1DB9-4E5E-96FF-18B70BA3A4A0}.Debug|Any CPU.ActiveCfg = Debug|Any CPU
		{785D2435-1DB9-4E5E-96FF-18B70BA3A4A0}.Debug|Any CPU.Build.0 = Debug|Any CPU
		{785D2435-1DB9-4E5E-96FF-18B70BA3A4A0}.Release|Any CPU.ActiveCfg = Release|Any CPU
		{785D2435-1DB9-4E5E-96FF-18B70BA3A4A0}.Release|Any CPU.Build.0 = Release|Any CPU
		{1D9198C6-A7B8-4C36-88AA-C99C383DFEE9}.Debug|Any CPU.ActiveCfg = Debug|Any CPU
		{1D9198C6-A7B8-4C36-88AA-C99C383DFEE9}.Debug|Any CPU.Build.0 = Debug|Any CPU
		{1D9198C6-A7B8-4C36-88AA-C99C383DFEE9}.Release|Any CPU.ActiveCfg = Release|Any CPU
		{1D9198C6-A7B8-4C36-88AA-C99C383DFEE9}.Release|Any CPU.Build.0 = Release|Any CPU
		{84DA7D2A-D81C-4ED2-96B6-D759E4BACE83}.Debug|Any CPU.ActiveCfg = Debug|Any CPU
		{84DA7D2A-D81C-4ED2-96B6-D759E4BACE83}.Debug|Any CPU.Build.0 = Debug|Any CPU
		{84DA7D2A-D81C-4ED2-96B6-D759E4BACE83}.Release|Any CPU.ActiveCfg = Release|Any CPU
		{84DA7D2A-D81C-4ED2-96B6-D759E4BACE83}.Release|Any CPU.Build.0 = Release|Any CPU
		{81DDED9D-158B-E303-5F62-77A2896D2A5A}.Debug|Any CPU.ActiveCfg = Debug|Any CPU
		{81DDED9D-158B-E303-5F62-77A2896D2A5A}.Debug|Any CPU.Build.0 = Debug|Any CPU
		{81DDED9D-158B-E303-5F62-77A2896D2A5A}.Release|Any CPU.ActiveCfg = Release|Any CPU
		{81DDED9D-158B-E303-5F62-77A2896D2A5A}.Release|Any CPU.Build.0 = Release|Any CPU
	EndGlobalSection
	GlobalSection(SolutionProperties) = preSolution
		HideSolutionNode = FALSE
	EndGlobalSection
	GlobalSection(ExtensibilityGlobals) = postSolution
		SolutionGuid = {5EB4FB82-AC8D-4162-8829-87A0A72A18A9}
	EndGlobalSection
EndGlobal
